// !$*UTF8*$!
{
	archiveVersion = 1;
	classes = {
	};
	objectVersion = 56;
	objects = {

/* Begin PBXBuildFile section */
		AD7D11D82976AD4900363F7F /* AppDelegate.swift in Sources */ = {isa = PBXBuildFile; fileRef = AD7D11D72976AD4900363F7F /* AppDelegate.swift */; };
		AD7D11DA2976AD4900363F7F /* SceneDelegate.swift in Sources */ = {isa = PBXBuildFile; fileRef = AD7D11D92976AD4900363F7F /* SceneDelegate.swift */; };
		AD7D11DC2976AD4900363F7F /* ViewController.swift in Sources */ = {isa = PBXBuildFile; fileRef = AD7D11DB2976AD4900363F7F /* ViewController.swift */; };
		AD7D11DF2976AD4900363F7F /* Main.storyboard in Resources */ = {isa = PBXBuildFile; fileRef = AD7D11DD2976AD4900363F7F /* Main.storyboard */; };
		AD7D11E12976AD4A00363F7F /* Assets.xcassets in Resources */ = {isa = PBXBuildFile; fileRef = AD7D11E02976AD4A00363F7F /* Assets.xcassets */; };
		AD7D11E42976AD4A00363F7F /* LaunchScreen.storyboard in Resources */ = {isa = PBXBuildFile; fileRef = AD7D11E22976AD4A00363F7F /* LaunchScreen.storyboard */; };
		AD7D11EF2976AD4A00363F7F /* FeedLoaderWithFallbackFeedLoaderTests.swift in Sources */ = {isa = PBXBuildFile; fileRef = AD7D11EE2976AD4A00363F7F /* FeedLoaderWithFallbackFeedLoaderTests.swift */; };
		AD7D12112976AF9400363F7F /* EssentialFeed.framework in Frameworks */ = {isa = PBXBuildFile; fileRef = AD7D120F2976AF9400363F7F /* EssentialFeed.framework */; };
		AD7D12122976AF9400363F7F /* EssentialFeed.framework in Embed Frameworks */ = {isa = PBXBuildFile; fileRef = AD7D120F2976AF9400363F7F /* EssentialFeed.framework */; settings = {ATTRIBUTES = (CodeSignOnCopy, RemoveHeadersOnCopy, ); }; };
		AD7D12132976AF9400363F7F /* EssentialFeediOS.framework in Frameworks */ = {isa = PBXBuildFile; fileRef = AD7D12102976AF9400363F7F /* EssentialFeediOS.framework */; };
		AD7D12142976AF9400363F7F /* EssentialFeediOS.framework in Embed Frameworks */ = {isa = PBXBuildFile; fileRef = AD7D12102976AF9400363F7F /* EssentialFeediOS.framework */; settings = {ATTRIBUTES = (CodeSignOnCopy, RemoveHeadersOnCopy, ); }; };
		AD7D121829780C6800363F7F /* XCTestCase+MemoryLeakTracking.swift in Sources */ = {isa = PBXBuildFile; fileRef = AD7D121729780C6800363F7F /* XCTestCase+MemoryLeakTracking.swift */; };
		AD7D121A29780D3300363F7F /* SharedTestHelpers.swift in Sources */ = {isa = PBXBuildFile; fileRef = AD7D121929780D3300363F7F /* SharedTestHelpers.swift */; };
		AD7D121C297810B300363F7F /* FeedLoaderWithFallbackComposite.swift in Sources */ = {isa = PBXBuildFile; fileRef = AD7D121B297810B300363F7F /* FeedLoaderWithFallbackComposite.swift */; };
		AD7D121E2978117000363F7F /* FeedImageDataLoaderWithFallbackFeedLoaderTests.swift in Sources */ = {isa = PBXBuildFile; fileRef = AD7D121D2978117000363F7F /* FeedImageDataLoaderWithFallbackFeedLoaderTests.swift */; };
		ADCF7A24297977420042989E /* FeedImageDataLoaderWithFallbackComposite.swift in Sources */ = {isa = PBXBuildFile; fileRef = ADCF7A23297977420042989E /* FeedImageDataLoaderWithFallbackComposite.swift */; };
		ADCF7A28297E93A80042989E /* FeedLoaderCacheDecoratorTests.swift in Sources */ = {isa = PBXBuildFile; fileRef = ADCF7A27297E93A80042989E /* FeedLoaderCacheDecoratorTests.swift */; };
		ADCF7A2A297E989C0042989E /* FeedLoaderStub.swift in Sources */ = {isa = PBXBuildFile; fileRef = ADCF7A29297E989C0042989E /* FeedLoaderStub.swift */; };
		ADCF7A2C297E991A0042989E /* XCTestCase+FeedLoader.swift in Sources */ = {isa = PBXBuildFile; fileRef = ADCF7A2B297E991A0042989E /* XCTestCase+FeedLoader.swift */; };
		ADCF7A30297EA61D0042989E /* FeedLoaderCacheDecorator.swift in Sources */ = {isa = PBXBuildFile; fileRef = ADCF7A2F297EA61D0042989E /* FeedLoaderCacheDecorator.swift */; };
/* End PBXBuildFile section */

/* Begin PBXContainerItemProxy section */
		AD7D11EB2976AD4A00363F7F /* PBXContainerItemProxy */ = {
			isa = PBXContainerItemProxy;
			containerPortal = AD7D11CC2976AD4900363F7F /* Project object */;
			proxyType = 1;
			remoteGlobalIDString = AD7D11D32976AD4900363F7F;
			remoteInfo = EssentialApp;
		};
/* End PBXContainerItemProxy section */

/* Begin PBXCopyFilesBuildPhase section */
		AD7D12152976AF9400363F7F /* Embed Frameworks */ = {
			isa = PBXCopyFilesBuildPhase;
			buildActionMask = 2147483647;
			dstPath = "";
			dstSubfolderSpec = 10;
			files = (
				AD7D12122976AF9400363F7F /* EssentialFeed.framework in Embed Frameworks */,
				AD7D12142976AF9400363F7F /* EssentialFeediOS.framework in Embed Frameworks */,
			);
			name = "Embed Frameworks";
			runOnlyForDeploymentPostprocessing = 0;
		};
/* End PBXCopyFilesBuildPhase section */

/* Begin PBXFileReference section */
		AD7D11D42976AD4900363F7F /* EssentialApp.app */ = {isa = PBXFileReference; explicitFileType = wrapper.application; includeInIndex = 0; path = EssentialApp.app; sourceTree = BUILT_PRODUCTS_DIR; };
		AD7D11D72976AD4900363F7F /* AppDelegate.swift */ = {isa = PBXFileReference; lastKnownFileType = sourcecode.swift; path = AppDelegate.swift; sourceTree = "<group>"; };
		AD7D11D92976AD4900363F7F /* SceneDelegate.swift */ = {isa = PBXFileReference; lastKnownFileType = sourcecode.swift; path = SceneDelegate.swift; sourceTree = "<group>"; };
		AD7D11DB2976AD4900363F7F /* ViewController.swift */ = {isa = PBXFileReference; lastKnownFileType = sourcecode.swift; path = ViewController.swift; sourceTree = "<group>"; };
		AD7D11DE2976AD4900363F7F /* Base */ = {isa = PBXFileReference; lastKnownFileType = file.storyboard; name = Base; path = Base.lproj/Main.storyboard; sourceTree = "<group>"; };
		AD7D11E02976AD4A00363F7F /* Assets.xcassets */ = {isa = PBXFileReference; lastKnownFileType = folder.assetcatalog; path = Assets.xcassets; sourceTree = "<group>"; };
		AD7D11E32976AD4A00363F7F /* Base */ = {isa = PBXFileReference; lastKnownFileType = file.storyboard; name = Base; path = Base.lproj/LaunchScreen.storyboard; sourceTree = "<group>"; };
		AD7D11E52976AD4A00363F7F /* Info.plist */ = {isa = PBXFileReference; lastKnownFileType = text.plist.xml; path = Info.plist; sourceTree = "<group>"; };
		AD7D11EA2976AD4A00363F7F /* EssentialAppTests.xctest */ = {isa = PBXFileReference; explicitFileType = wrapper.cfbundle; includeInIndex = 0; path = EssentialAppTests.xctest; sourceTree = BUILT_PRODUCTS_DIR; };
		AD7D11EE2976AD4A00363F7F /* FeedLoaderWithFallbackFeedLoaderTests.swift */ = {isa = PBXFileReference; lastKnownFileType = sourcecode.swift; path = FeedLoaderWithFallbackFeedLoaderTests.swift; sourceTree = "<group>"; };
		AD7D12082976AEEC00363F7F /* EssentialFeed.framework */ = {isa = PBXFileReference; explicitFileType = wrapper.framework; path = EssentialFeed.framework; sourceTree = BUILT_PRODUCTS_DIR; };
		AD7D120C2976AEEF00363F7F /* EssentialFeediOS.framework */ = {isa = PBXFileReference; explicitFileType = wrapper.framework; path = EssentialFeediOS.framework; sourceTree = BUILT_PRODUCTS_DIR; };
		AD7D120F2976AF9400363F7F /* EssentialFeed.framework */ = {isa = PBXFileReference; explicitFileType = wrapper.framework; path = EssentialFeed.framework; sourceTree = BUILT_PRODUCTS_DIR; };
		AD7D12102976AF9400363F7F /* EssentialFeediOS.framework */ = {isa = PBXFileReference; explicitFileType = wrapper.framework; path = EssentialFeediOS.framework; sourceTree = BUILT_PRODUCTS_DIR; };
		AD7D121729780C6800363F7F /* XCTestCase+MemoryLeakTracking.swift */ = {isa = PBXFileReference; fileEncoding = 4; lastKnownFileType = sourcecode.swift; path = "XCTestCase+MemoryLeakTracking.swift"; sourceTree = "<group>"; };
		AD7D121929780D3300363F7F /* SharedTestHelpers.swift */ = {isa = PBXFileReference; lastKnownFileType = sourcecode.swift; path = SharedTestHelpers.swift; sourceTree = "<group>"; };
		AD7D121B297810B300363F7F /* FeedLoaderWithFallbackComposite.swift */ = {isa = PBXFileReference; lastKnownFileType = sourcecode.swift; path = FeedLoaderWithFallbackComposite.swift; sourceTree = "<group>"; };
		AD7D121D2978117000363F7F /* FeedImageDataLoaderWithFallbackFeedLoaderTests.swift */ = {isa = PBXFileReference; lastKnownFileType = sourcecode.swift; path = FeedImageDataLoaderWithFallbackFeedLoaderTests.swift; sourceTree = "<group>"; };
		ADCF7A23297977420042989E /* FeedImageDataLoaderWithFallbackComposite.swift */ = {isa = PBXFileReference; lastKnownFileType = sourcecode.swift; path = FeedImageDataLoaderWithFallbackComposite.swift; sourceTree = "<group>"; };
		ADCF7A27297E93A80042989E /* FeedLoaderCacheDecoratorTests.swift */ = {isa = PBXFileReference; lastKnownFileType = sourcecode.swift; path = FeedLoaderCacheDecoratorTests.swift; sourceTree = "<group>"; };
		ADCF7A29297E989C0042989E /* FeedLoaderStub.swift */ = {isa = PBXFileReference; lastKnownFileType = sourcecode.swift; path = FeedLoaderStub.swift; sourceTree = "<group>"; };
		ADCF7A2B297E991A0042989E /* XCTestCase+FeedLoader.swift */ = {isa = PBXFileReference; lastKnownFileType = sourcecode.swift; path = "XCTestCase+FeedLoader.swift"; sourceTree = "<group>"; };
		ADCF7A2F297EA61D0042989E /* FeedLoaderCacheDecorator.swift */ = {isa = PBXFileReference; lastKnownFileType = sourcecode.swift; path = FeedLoaderCacheDecorator.swift; sourceTree = "<group>"; };
/* End PBXFileReference section */

/* Begin PBXFrameworksBuildPhase section */
		AD7D11D12976AD4900363F7F /* Frameworks */ = {
			isa = PBXFrameworksBuildPhase;
			buildActionMask = 2147483647;
			files = (
				AD7D12112976AF9400363F7F /* EssentialFeed.framework in Frameworks */,
				AD7D12132976AF9400363F7F /* EssentialFeediOS.framework in Frameworks */,
			);
			runOnlyForDeploymentPostprocessing = 0;
		};
		AD7D11E72976AD4A00363F7F /* Frameworks */ = {
			isa = PBXFrameworksBuildPhase;
			buildActionMask = 2147483647;
			files = (
			);
			runOnlyForDeploymentPostprocessing = 0;
		};
/* End PBXFrameworksBuildPhase section */

/* Begin PBXGroup section */
		AD7D11CB2976AD4900363F7F = {
			isa = PBXGroup;
			children = (
				AD7D11D62976AD4900363F7F /* EssentialApp */,
				AD7D11ED2976AD4A00363F7F /* EssentialAppTests */,
				AD7D11D52976AD4900363F7F /* Products */,
				AD7D12072976AEEC00363F7F /* Frameworks */,
			);
			sourceTree = "<group>";
		};
		AD7D11D52976AD4900363F7F /* Products */ = {
			isa = PBXGroup;
			children = (
				AD7D11D42976AD4900363F7F /* EssentialApp.app */,
				AD7D11EA2976AD4A00363F7F /* EssentialAppTests.xctest */,
			);
			name = Products;
			sourceTree = "<group>";
		};
		AD7D11D62976AD4900363F7F /* EssentialApp */ = {
			isa = PBXGroup;
			children = (
				AD7D11D72976AD4900363F7F /* AppDelegate.swift */,
				AD7D11D92976AD4900363F7F /* SceneDelegate.swift */,
				AD7D11DB2976AD4900363F7F /* ViewController.swift */,
				AD7D121B297810B300363F7F /* FeedLoaderWithFallbackComposite.swift */,
				ADCF7A23297977420042989E /* FeedImageDataLoaderWithFallbackComposite.swift */,
				ADCF7A2F297EA61D0042989E /* FeedLoaderCacheDecorator.swift */,
				AD7D11DD2976AD4900363F7F /* Main.storyboard */,
				AD7D11E02976AD4A00363F7F /* Assets.xcassets */,
				AD7D11E22976AD4A00363F7F /* LaunchScreen.storyboard */,
				AD7D11E52976AD4A00363F7F /* Info.plist */,
			);
			path = EssentialApp;
			sourceTree = "<group>";
		};
		AD7D11ED2976AD4A00363F7F /* EssentialAppTests */ = {
			isa = PBXGroup;
			children = (
				AD7D121629780C5800363F7F /* Helpers */,
				AD7D11EE2976AD4A00363F7F /* FeedLoaderWithFallbackFeedLoaderTests.swift */,
				AD7D121D2978117000363F7F /* FeedImageDataLoaderWithFallbackFeedLoaderTests.swift */,
				ADCF7A27297E93A80042989E /* FeedLoaderCacheDecoratorTests.swift */,
			);
			path = EssentialAppTests;
			sourceTree = "<group>";
		};
		AD7D12072976AEEC00363F7F /* Frameworks */ = {
			isa = PBXGroup;
			children = (
				AD7D120F2976AF9400363F7F /* EssentialFeed.framework */,
				AD7D12102976AF9400363F7F /* EssentialFeediOS.framework */,
				AD7D120C2976AEEF00363F7F /* EssentialFeediOS.framework */,
				AD7D12082976AEEC00363F7F /* EssentialFeed.framework */,
			);
			name = Frameworks;
			sourceTree = "<group>";
		};
		AD7D121629780C5800363F7F /* Helpers */ = {
			isa = PBXGroup;
			children = (
				AD7D121929780D3300363F7F /* SharedTestHelpers.swift */,
				AD7D121729780C6800363F7F /* XCTestCase+MemoryLeakTracking.swift */,
				ADCF7A29297E989C0042989E /* FeedLoaderStub.swift */,
				ADCF7A2B297E991A0042989E /* XCTestCase+FeedLoader.swift */,
			);
			path = Helpers;
			sourceTree = "<group>";
		};
/* End PBXGroup section */

/* Begin PBXNativeTarget section */
		AD7D11D32976AD4900363F7F /* EssentialApp */ = {
			isa = PBXNativeTarget;
			buildConfigurationList = AD7D11FE2976AD4A00363F7F /* Build configuration list for PBXNativeTarget "EssentialApp" */;
			buildPhases = (
				AD7D11D02976AD4900363F7F /* Sources */,
				AD7D11D12976AD4900363F7F /* Frameworks */,
				AD7D11D22976AD4900363F7F /* Resources */,
				AD7D12152976AF9400363F7F /* Embed Frameworks */,
			);
			buildRules = (
			);
			dependencies = (
			);
			name = EssentialApp;
			productName = EssentialApp;
			productReference = AD7D11D42976AD4900363F7F /* EssentialApp.app */;
			productType = "com.apple.product-type.application";
		};
		AD7D11E92976AD4A00363F7F /* EssentialAppTests */ = {
			isa = PBXNativeTarget;
			buildConfigurationList = AD7D12012976AD4A00363F7F /* Build configuration list for PBXNativeTarget "EssentialAppTests" */;
			buildPhases = (
				AD7D11E62976AD4A00363F7F /* Sources */,
				AD7D11E72976AD4A00363F7F /* Frameworks */,
				AD7D11E82976AD4A00363F7F /* Resources */,
			);
			buildRules = (
			);
			dependencies = (
				AD7D11EC2976AD4A00363F7F /* PBXTargetDependency */,
			);
			name = EssentialAppTests;
			productName = EssentialAppTests;
			productReference = AD7D11EA2976AD4A00363F7F /* EssentialAppTests.xctest */;
			productType = "com.apple.product-type.bundle.unit-test";
		};
/* End PBXNativeTarget section */

/* Begin PBXProject section */
		AD7D11CC2976AD4900363F7F /* Project object */ = {
			isa = PBXProject;
			attributes = {
				BuildIndependentTargetsInParallel = 1;
				LastSwiftUpdateCheck = 1410;
				LastUpgradeCheck = 1410;
				TargetAttributes = {
					AD7D11D32976AD4900363F7F = {
						CreatedOnToolsVersion = 14.1;
					};
					AD7D11E92976AD4A00363F7F = {
						CreatedOnToolsVersion = 14.1;
						TestTargetID = AD7D11D32976AD4900363F7F;
					};
				};
			};
			buildConfigurationList = AD7D11CF2976AD4900363F7F /* Build configuration list for PBXProject "EssentialApp" */;
			compatibilityVersion = "Xcode 14.0";
			developmentRegion = en;
			hasScannedForEncodings = 0;
			knownRegions = (
				en,
				Base,
			);
			mainGroup = AD7D11CB2976AD4900363F7F;
			productRefGroup = AD7D11D52976AD4900363F7F /* Products */;
			projectDirPath = "";
			projectRoot = "";
			targets = (
				AD7D11D32976AD4900363F7F /* EssentialApp */,
				AD7D11E92976AD4A00363F7F /* EssentialAppTests */,
			);
		};
/* End PBXProject section */

/* Begin PBXResourcesBuildPhase section */
		AD7D11D22976AD4900363F7F /* Resources */ = {
			isa = PBXResourcesBuildPhase;
			buildActionMask = 2147483647;
			files = (
				AD7D11E42976AD4A00363F7F /* LaunchScreen.storyboard in Resources */,
				AD7D11E12976AD4A00363F7F /* Assets.xcassets in Resources */,
				AD7D11DF2976AD4900363F7F /* Main.storyboard in Resources */,
			);
			runOnlyForDeploymentPostprocessing = 0;
		};
		AD7D11E82976AD4A00363F7F /* Resources */ = {
			isa = PBXResourcesBuildPhase;
			buildActionMask = 2147483647;
			files = (
			);
			runOnlyForDeploymentPostprocessing = 0;
		};
/* End PBXResourcesBuildPhase section */

/* Begin PBXSourcesBuildPhase section */
		AD7D11D02976AD4900363F7F /* Sources */ = {
			isa = PBXSourcesBuildPhase;
			buildActionMask = 2147483647;
			files = (
				AD7D11DC2976AD4900363F7F /* ViewController.swift in Sources */,
				ADCF7A24297977420042989E /* FeedImageDataLoaderWithFallbackComposite.swift in Sources */,
				AD7D11D82976AD4900363F7F /* AppDelegate.swift in Sources */,
				ADCF7A30297EA61D0042989E /* FeedLoaderCacheDecorator.swift in Sources */,
				AD7D121C297810B300363F7F /* FeedLoaderWithFallbackComposite.swift in Sources */,
				AD7D11DA2976AD4900363F7F /* SceneDelegate.swift in Sources */,
			);
			runOnlyForDeploymentPostprocessing = 0;
		};
		AD7D11E62976AD4A00363F7F /* Sources */ = {
			isa = PBXSourcesBuildPhase;
			buildActionMask = 2147483647;
			files = (
				AD7D11EF2976AD4A00363F7F /* FeedLoaderWithFallbackFeedLoaderTests.swift in Sources */,
				ADCF7A2C297E991A0042989E /* XCTestCase+FeedLoader.swift in Sources */,
				ADCF7A28297E93A80042989E /* FeedLoaderCacheDecoratorTests.swift in Sources */,
				AD7D121E2978117000363F7F /* FeedImageDataLoaderWithFallbackFeedLoaderTests.swift in Sources */,
				AD7D121829780C6800363F7F /* XCTestCase+MemoryLeakTracking.swift in Sources */,
				ADCF7A2A297E989C0042989E /* FeedLoaderStub.swift in Sources */,
				AD7D121A29780D3300363F7F /* SharedTestHelpers.swift in Sources */,
			);
			runOnlyForDeploymentPostprocessing = 0;
		};
/* End PBXSourcesBuildPhase section */

/* Begin PBXTargetDependency section */
		AD7D11EC2976AD4A00363F7F /* PBXTargetDependency */ = {
			isa = PBXTargetDependency;
			target = AD7D11D32976AD4900363F7F /* EssentialApp */;
			targetProxy = AD7D11EB2976AD4A00363F7F /* PBXContainerItemProxy */;
		};
/* End PBXTargetDependency section */

/* Begin PBXVariantGroup section */
		AD7D11DD2976AD4900363F7F /* Main.storyboard */ = {
			isa = PBXVariantGroup;
			children = (
				AD7D11DE2976AD4900363F7F /* Base */,
			);
			name = Main.storyboard;
			sourceTree = "<group>";
		};
		AD7D11E22976AD4A00363F7F /* LaunchScreen.storyboard */ = {
			isa = PBXVariantGroup;
			children = (
				AD7D11E32976AD4A00363F7F /* Base */,
			);
			name = LaunchScreen.storyboard;
			sourceTree = "<group>";
		};
/* End PBXVariantGroup section */

/* Begin XCBuildConfiguration section */
		AD7D11FC2976AD4A00363F7F /* Debug */ = {
			isa = XCBuildConfiguration;
			buildSettings = {
				ALWAYS_SEARCH_USER_PATHS = NO;
				CLANG_ANALYZER_NONNULL = YES;
				CLANG_ANALYZER_NUMBER_OBJECT_CONVERSION = YES_AGGRESSIVE;
				CLANG_CXX_LANGUAGE_STANDARD = "gnu++20";
				CLANG_ENABLE_MODULES = YES;
				CLANG_ENABLE_OBJC_ARC = YES;
				CLANG_ENABLE_OBJC_WEAK = YES;
				CLANG_WARN_BLOCK_CAPTURE_AUTORELEASING = YES;
				CLANG_WARN_BOOL_CONVERSION = YES;
				CLANG_WARN_COMMA = YES;
				CLANG_WARN_CONSTANT_CONVERSION = YES;
				CLANG_WARN_DEPRECATED_OBJC_IMPLEMENTATIONS = YES;
				CLANG_WARN_DIRECT_OBJC_ISA_USAGE = YES_ERROR;
				CLANG_WARN_DOCUMENTATION_COMMENTS = YES;
				CLANG_WARN_EMPTY_BODY = YES;
				CLANG_WARN_ENUM_CONVERSION = YES;
				CLANG_WARN_INFINITE_RECURSION = YES;
				CLANG_WARN_INT_CONVERSION = YES;
				CLANG_WARN_NON_LITERAL_NULL_CONVERSION = YES;
				CLANG_WARN_OBJC_IMPLICIT_RETAIN_SELF = YES;
				CLANG_WARN_OBJC_LITERAL_CONVERSION = YES;
				CLANG_WARN_OBJC_ROOT_CLASS = YES_ERROR;
				CLANG_WARN_QUOTED_INCLUDE_IN_FRAMEWORK_HEADER = YES;
				CLANG_WARN_RANGE_LOOP_ANALYSIS = YES;
				CLANG_WARN_STRICT_PROTOTYPES = YES;
				CLANG_WARN_SUSPICIOUS_MOVE = YES;
				CLANG_WARN_UNGUARDED_AVAILABILITY = YES_AGGRESSIVE;
				CLANG_WARN_UNREACHABLE_CODE = YES;
				CLANG_WARN__DUPLICATE_METHOD_MATCH = YES;
				COPY_PHASE_STRIP = NO;
				DEBUG_INFORMATION_FORMAT = dwarf;
				ENABLE_STRICT_OBJC_MSGSEND = YES;
				ENABLE_TESTABILITY = YES;
				GCC_C_LANGUAGE_STANDARD = gnu11;
				GCC_DYNAMIC_NO_PIC = NO;
				GCC_NO_COMMON_BLOCKS = YES;
				GCC_OPTIMIZATION_LEVEL = 0;
				GCC_PREPROCESSOR_DEFINITIONS = (
					"DEBUG=1",
					"$(inherited)",
				);
				GCC_WARN_64_TO_32_BIT_CONVERSION = YES;
				GCC_WARN_ABOUT_RETURN_TYPE = YES_ERROR;
				GCC_WARN_UNDECLARED_SELECTOR = YES;
				GCC_WARN_UNINITIALIZED_AUTOS = YES_AGGRESSIVE;
				GCC_WARN_UNUSED_FUNCTION = YES;
				GCC_WARN_UNUSED_VARIABLE = YES;
				IPHONEOS_DEPLOYMENT_TARGET = 16.1;
				MTL_ENABLE_DEBUG_INFO = INCLUDE_SOURCE;
				MTL_FAST_MATH = YES;
				ONLY_ACTIVE_ARCH = YES;
				SDKROOT = iphoneos;
				SWIFT_ACTIVE_COMPILATION_CONDITIONS = DEBUG;
				SWIFT_OPTIMIZATION_LEVEL = "-Onone";
			};
			name = Debug;
		};
		AD7D11FD2976AD4A00363F7F /* Release */ = {
			isa = XCBuildConfiguration;
			buildSettings = {
				ALWAYS_SEARCH_USER_PATHS = NO;
				CLANG_ANALYZER_NONNULL = YES;
				CLANG_ANALYZER_NUMBER_OBJECT_CONVERSION = YES_AGGRESSIVE;
				CLANG_CXX_LANGUAGE_STANDARD = "gnu++20";
				CLANG_ENABLE_MODULES = YES;
				CLANG_ENABLE_OBJC_ARC = YES;
				CLANG_ENABLE_OBJC_WEAK = YES;
				CLANG_WARN_BLOCK_CAPTURE_AUTORELEASING = YES;
				CLANG_WARN_BOOL_CONVERSION = YES;
				CLANG_WARN_COMMA = YES;
				CLANG_WARN_CONSTANT_CONVERSION = YES;
				CLANG_WARN_DEPRECATED_OBJC_IMPLEMENTATIONS = YES;
				CLANG_WARN_DIRECT_OBJC_ISA_USAGE = YES_ERROR;
				CLANG_WARN_DOCUMENTATION_COMMENTS = YES;
				CLANG_WARN_EMPTY_BODY = YES;
				CLANG_WARN_ENUM_CONVERSION = YES;
				CLANG_WARN_INFINITE_RECURSION = YES;
				CLANG_WARN_INT_CONVERSION = YES;
				CLANG_WARN_NON_LITERAL_NULL_CONVERSION = YES;
				CLANG_WARN_OBJC_IMPLICIT_RETAIN_SELF = YES;
				CLANG_WARN_OBJC_LITERAL_CONVERSION = YES;
				CLANG_WARN_OBJC_ROOT_CLASS = YES_ERROR;
				CLANG_WARN_QUOTED_INCLUDE_IN_FRAMEWORK_HEADER = YES;
				CLANG_WARN_RANGE_LOOP_ANALYSIS = YES;
				CLANG_WARN_STRICT_PROTOTYPES = YES;
				CLANG_WARN_SUSPICIOUS_MOVE = YES;
				CLANG_WARN_UNGUARDED_AVAILABILITY = YES_AGGRESSIVE;
				CLANG_WARN_UNREACHABLE_CODE = YES;
				CLANG_WARN__DUPLICATE_METHOD_MATCH = YES;
				COPY_PHASE_STRIP = NO;
				DEBUG_INFORMATION_FORMAT = "dwarf-with-dsym";
				ENABLE_NS_ASSERTIONS = NO;
				ENABLE_STRICT_OBJC_MSGSEND = YES;
				GCC_C_LANGUAGE_STANDARD = gnu11;
				GCC_NO_COMMON_BLOCKS = YES;
				GCC_WARN_64_TO_32_BIT_CONVERSION = YES;
				GCC_WARN_ABOUT_RETURN_TYPE = YES_ERROR;
				GCC_WARN_UNDECLARED_SELECTOR = YES;
				GCC_WARN_UNINITIALIZED_AUTOS = YES_AGGRESSIVE;
				GCC_WARN_UNUSED_FUNCTION = YES;
				GCC_WARN_UNUSED_VARIABLE = YES;
				IPHONEOS_DEPLOYMENT_TARGET = 16.1;
				MTL_ENABLE_DEBUG_INFO = NO;
				MTL_FAST_MATH = YES;
				SDKROOT = iphoneos;
				SWIFT_COMPILATION_MODE = wholemodule;
				SWIFT_OPTIMIZATION_LEVEL = "-O";
				VALIDATE_PRODUCT = YES;
			};
			name = Release;
		};
		AD7D11FF2976AD4A00363F7F /* Debug */ = {
			isa = XCBuildConfiguration;
			buildSettings = {
				ASSETCATALOG_COMPILER_APPICON_NAME = AppIcon;
				ASSETCATALOG_COMPILER_GLOBAL_ACCENT_COLOR_NAME = AccentColor;
				CODE_SIGN_STYLE = Automatic;
				CURRENT_PROJECT_VERSION = 1;
				DEVELOPMENT_TEAM = XHBM8GUNDR;
				GENERATE_INFOPLIST_FILE = YES;
				INFOPLIST_FILE = EssentialApp/Info.plist;
				INFOPLIST_KEY_UIApplicationSupportsIndirectInputEvents = YES;
				INFOPLIST_KEY_UILaunchStoryboardName = LaunchScreen;
				INFOPLIST_KEY_UIMainStoryboardFile = Main;
				INFOPLIST_KEY_UISupportedInterfaceOrientations = UIInterfaceOrientationPortrait;
				LD_RUNPATH_SEARCH_PATHS = (
					"$(inherited)",
					"@executable_path/Frameworks",
				);
				MARKETING_VERSION = 1.0;
				PRODUCT_BUNDLE_IDENTIFIER = mv.EssentialApp;
				PRODUCT_NAME = "$(TARGET_NAME)";
				SWIFT_EMIT_LOC_STRINGS = YES;
				SWIFT_VERSION = 5.0;
				TARGETED_DEVICE_FAMILY = "1,2";
			};
			name = Debug;
		};
		AD7D12002976AD4A00363F7F /* Release */ = {
			isa = XCBuildConfiguration;
			buildSettings = {
				ASSETCATALOG_COMPILER_APPICON_NAME = AppIcon;
				ASSETCATALOG_COMPILER_GLOBAL_ACCENT_COLOR_NAME = AccentColor;
				CODE_SIGN_STYLE = Automatic;
				CURRENT_PROJECT_VERSION = 1;
				DEVELOPMENT_TEAM = XHBM8GUNDR;
				GENERATE_INFOPLIST_FILE = YES;
				INFOPLIST_FILE = EssentialApp/Info.plist;
				INFOPLIST_KEY_UIApplicationSupportsIndirectInputEvents = YES;
				INFOPLIST_KEY_UILaunchStoryboardName = LaunchScreen;
				INFOPLIST_KEY_UIMainStoryboardFile = Main;
				INFOPLIST_KEY_UISupportedInterfaceOrientations = UIInterfaceOrientationPortrait;
				LD_RUNPATH_SEARCH_PATHS = (
					"$(inherited)",
					"@executable_path/Frameworks",
				);
				MARKETING_VERSION = 1.0;
				PRODUCT_BUNDLE_IDENTIFIER = mv.EssentialApp;
				PRODUCT_NAME = "$(TARGET_NAME)";
				SWIFT_EMIT_LOC_STRINGS = YES;
				SWIFT_VERSION = 5.0;
				TARGETED_DEVICE_FAMILY = "1,2";
			};
			name = Release;
		};
		AD7D12022976AD4A00363F7F /* Debug */ = {
			isa = XCBuildConfiguration;
			buildSettings = {
				ALWAYS_EMBED_SWIFT_STANDARD_LIBRARIES = YES;
				BUNDLE_LOADER = "$(TEST_HOST)";
				CODE_SIGN_STYLE = Automatic;
				CURRENT_PROJECT_VERSION = 1;
				DEVELOPMENT_TEAM = XHBM8GUNDR;
				GENERATE_INFOPLIST_FILE = YES;
				IPHONEOS_DEPLOYMENT_TARGET = 16.1;
				MARKETING_VERSION = 1.0;
				PRODUCT_BUNDLE_IDENTIFIER = mv.EssentialAppTests;
				PRODUCT_NAME = "$(TARGET_NAME)";
				SWIFT_EMIT_LOC_STRINGS = NO;
				SWIFT_VERSION = 5.0;
				TARGETED_DEVICE_FAMILY = "1,2";
				TEST_HOST = "$(BUILT_PRODUCTS_DIR)/EssentialApp.app/$(BUNDLE_EXECUTABLE_FOLDER_PATH)/EssentialApp";
			};
			name = Debug;
		};
		AD7D12032976AD4A00363F7F /* Release */ = {
			isa = XCBuildConfiguration;
			buildSettings = {
				ALWAYS_EMBED_SWIFT_STANDARD_LIBRARIES = YES;
				BUNDLE_LOADER = "$(TEST_HOST)";
				CODE_SIGN_STYLE = Automatic;
				CURRENT_PROJECT_VERSION = 1;
				DEVELOPMENT_TEAM = XHBM8GUNDR;
				GENERATE_INFOPLIST_FILE = YES;
				IPHONEOS_DEPLOYMENT_TARGET = 16.1;
				MARKETING_VERSION = 1.0;
				PRODUCT_BUNDLE_IDENTIFIER = mv.EssentialAppTests;
				PRODUCT_NAME = "$(TARGET_NAME)";
				SWIFT_EMIT_LOC_STRINGS = NO;
				SWIFT_VERSION = 5.0;
				TARGETED_DEVICE_FAMILY = "1,2";
				TEST_HOST = "$(BUILT_PRODUCTS_DIR)/EssentialApp.app/$(BUNDLE_EXECUTABLE_FOLDER_PATH)/EssentialApp";
			};
			name = Release;
		};
/* End XCBuildConfiguration section */

/* Begin XCConfigurationList section */
		AD7D11CF2976AD4900363F7F /* Build configuration list for PBXProject "EssentialApp" */ = {
			isa = XCConfigurationList;
			buildConfigurations = (
				AD7D11FC2976AD4A00363F7F /* Debug */,
				AD7D11FD2976AD4A00363F7F /* Release */,
			);
			defaultConfigurationIsVisible = 0;
			defaultConfigurationName = Release;
		};
		AD7D11FE2976AD4A00363F7F /* Build configuration list for PBXNativeTarget "EssentialApp" */ = {
			isa = XCConfigurationList;
			buildConfigurations = (
				AD7D11FF2976AD4A00363F7F /* Debug */,
				AD7D12002976AD4A00363F7F /* Release */,
			);
			defaultConfigurationIsVisible = 0;
			defaultConfigurationName = Release;
		};
		AD7D12012976AD4A00363F7F /* Build configuration list for PBXNativeTarget "EssentialAppTests" */ = {
			isa = XCConfigurationList;
			buildConfigurations = (
				AD7D12022976AD4A00363F7F /* Debug */,
				AD7D12032976AD4A00363F7F /* Release */,
			);
			defaultConfigurationIsVisible = 0;
			defaultConfigurationName = Release;
		};
/* End XCConfigurationList section */
	};
	rootObject = AD7D11CC2976AD4900363F7F /* Project object */;
}
